
Microsoft Visual Studio Solution File, Format Version 12.00
# Visual Studio Version 17
VisualStudioVersion = 17.6.33927.249
MinimumVisualStudioVersion = 10.0.40219.1
Project("{FAE04EC0-301F-11D3-BF4B-00C04F79EFBC}") = "UsingFileInConsoleApp", "UsingFileInConsoleApp\UsingFileInConsoleApp.csproj", "{397613AD-02BE-44E1-ADDA-B83F9C7BDE36}"
EndProject
Global
	GlobalSection(SolutionConfigurationPlatforms) = preSolution
		Debug|Any CPU = Debug|Any CPU
		Release|Any CPU = Release|Any CPU
	EndGlobalSection
	GlobalSection(ProjectConfigurationPlatforms) = postSolution
		{397613AD-02BE-44E1-ADDA-B83F9C7BDE36}.Debug|Any CPU.ActiveCfg = Debug|Any CPU
		{397613AD-02BE-44E1-ADDA-B83F9C7BDE36}.Debug|Any CPU.Build.0 = Debug|Any CPU
		{397613AD-02BE-44E1-ADDA-B83F9C7BDE36}.Release|Any CPU.ActiveCfg = Release|Any CPU
		{397613AD-02BE-44E1-ADDA-B83F9C7BDE36}.Release|Any CPU.Build.0 = Release|Any CPU
	EndGlobalSection
	GlobalSection(SolutionProperties) = preSolution
		HideSolutionNode = FALSE
	EndGlobalSection
	GlobalSection(ExtensibilityGlobals) = postSolution
		SolutionGuid = {59FEA7C7-A205-47C4-A093-8A1B4EFC9D66}
	EndGlobalSection
EndGlobal
